PODS:
  - FlexLibOsx (2.7.0):
    - FlexLibOsx/standard (= 2.7.0)
  - FlexLibOsx/standard (2.7.0):
    - FlexLibOsx/standard/no-arc (= 2.7.0)
  - FlexLibOsx/standard/no-arc (2.7.0)

DEPENDENCIES:
  - FlexLibOsx (from `../`)

EXTERNAL SOURCES:
  FlexLibOsx:
    :path: "../"

SPEC CHECKSUMS:
  FlexLibOsx: 6906aaffc8b26bb41da2f81d81d737667200fdd1

PODFILE CHECKSUM: dfb67265bac6a232067aeba4ba5c60696ffa2d68

COCOAPODS: 1.11.3
